Microsoft Visual Studio Solution File, Format Version 11.00
# Visual Studio 2010
Project("{FAE04EC0-301F-11D3-BF4B-00C04F79EFBC}") = "Assembly-CSharp", "Assembly-CSharp.csproj", "{95777414-03E2-6296-E1CF-3D066C1334E5}"
EndProject
Project("{FAE04EC0-301F-11D3-BF4B-00C04F79EFBC}") = "Assembly-CSharp-Editor-firstpass", "Assembly-CSharp-Editor-firstpass.csproj", "{83EED2DE-BA64-977D-AF58-A58A0151DB4A}"
EndProject
Global
	GlobalSection(SolutionConfigurationPlatforms) = preSolution
		Debug|Any CPU = Debug|Any CPU
		Release|Any CPU = Release|Any CPU
	EndGlobalSection
	GlobalSection(ProjectConfigurationPlatforms) = postSolution
		{95777414-03E2-6296-E1CF-3D066C1334E5}.Debug|Any CPU.ActiveCfg = Debug|Any CPU
		{95777414-03E2-6296-E1CF-3D066C1334E5}.Debug|Any CPU.Build.0 = Debug|Any CPU
		{95777414-03E2-6296-E1CF-3D066C1334E5}.Release|Any CPU.ActiveCfg = Release|Any CPU
		{95777414-03E2-6296-E1CF-3D066C1334E5}.Release|Any CPU.Build.0 = Release|Any CPU
		{83EED2DE-BA64-977D-AF58-A58A0151DB4A}.Debug|Any CPU.ActiveCfg = Debug|Any CPU
		{83EED2DE-BA64-977D-AF58-A58A0151DB4A}.Debug|Any CPU.Build.0 = Debug|Any CPU
		{83EED2DE-BA64-977D-AF58-A58A0151DB4A}.Release|Any CPU.ActiveCfg = Release|Any CPU
		{83EED2DE-BA64-977D-AF58-A58A0151DB4A}.Release|Any CPU.Build.0 = Release|Any CPU
	EndGlobalSection
	GlobalSection(SolutionProperties) = preSolution
		HideSolutionNode = FALSE
	EndGlobalSection
	GlobalSection(MonoDevelopProperties) = preSolution
		StartupItem = Assembly-CSharp.csproj
	EndGlobalSection
EndGlobal
